
Microsoft Visual Studio Solution File, Format Version 12.00
# Visual Studio Version 16
VisualStudioVersion = 16.0.32228.343
MinimumVisualStudioVersion = 10.0.40219.1
Project("{FAE04EC0-301F-11D3-BF4B-00C04F79EFBC}") = "CineCalidadApp.Android", "CineCalidadApp\CineCalidadApp.Android\CineCalidadApp.Android.csproj", "{1FE0B40D-C85F-40B1-97E8-86D21E3F1B32}"
EndProject
Project("{FAE04EC0-301F-11D3-BF4B-00C04F79EFBC}") = "CineCalidadApp", "CineCalidadApp\CineCalidadApp\CineCalidadApp.csproj", "{207EDE12-C065-492E-AF89-F48147170A53}"
EndProject
Global
	GlobalSection(SolutionConfigurationPlatforms) = preSolution
		Debug|Any CPU = Debug|Any CPU
		Release|Any CPU = Release|Any CPU
	EndGlobalSection
	GlobalSection(ProjectConfigurationPlatforms) = postSolution
		{1FE0B40D-C85F-40B1-97E8-86D21E3F1B32}.Debug|Any CPU.ActiveCfg = Debug|Any CPU
		{1FE0B40D-C85F-40B1-97E8-86D21E3F1B32}.Debug|Any CPU.Build.0 = Debug|Any CPU
		{1FE0B40D-C85F-40B1-97E8-86D21E3F1B32}.Debug|Any CPU.Deploy.0 = Debug|Any CPU
		{1FE0B40D-C85F-40B1-97E8-86D21E3F1B32}.Release|Any CPU.ActiveCfg = Release|Any CPU
		{1FE0B40D-C85F-40B1-97E8-86D21E3F1B32}.Release|Any CPU.Build.0 = Release|Any CPU
		{1FE0B40D-C85F-40B1-97E8-86D21E3F1B32}.Release|Any CPU.Deploy.0 = Release|Any CPU
		{207EDE12-C065-492E-AF89-F48147170A53}.Debug|Any CPU.ActiveCfg = Debug|Any CPU
		{207EDE12-C065-492E-AF89-F48147170A53}.Debug|Any CPU.Build.0 = Debug|Any CPU
		{207EDE12-C065-492E-AF89-F48147170A53}.Debug|Any CPU.Deploy.0 = Debug|Any CPU
		{207EDE12-C065-492E-AF89-F48147170A53}.Release|Any CPU.ActiveCfg = Release|Any CPU
		{207EDE12-C065-492E-AF89-F48147170A53}.Release|Any CPU.Build.0 = Release|Any CPU
		{207EDE12-C065-492E-AF89-F48147170A53}.Release|Any CPU.Deploy.0 = Release|Any CPU
	EndGlobalSection
	GlobalSection(SolutionProperties) = preSolution
		HideSolutionNode = FALSE
	EndGlobalSection
	GlobalSection(ExtensibilityGlobals) = postSolution
		SolutionGuid = {5140EC57-2138-4BC0-A860-AABF2EF6DEA6}
	EndGlobalSection
EndGlobal
